
Microsoft Visual Studio Solution File, Format Version 12.00
# Visual Studio Version 16
VisualStudioVersion = 25.0.1704.3
MinimumVisualStudioVersion = 10.0.40219.1
Project("{FAE04EC0-301F-11D3-BF4B-00C04F79EFBC}") = "BugTracker", "BugTracker.csproj", "{1704AFE0-E7F6-4B1B-ACA5-2CB7DF1EF79A}"
EndProject
Project("{FAE04EC0-301F-11D3-BF4B-00C04F79EFBC}") = "BugAPI", "..\BugAPI\BugAPI.csproj", "{C3947CDB-EE4A-473A-A006-45D85D146D87}"
EndProject
Project("{FAE04EC0-301F-11D3-BF4B-00C04F79EFBC}") = "UserAPI", "..\UserAPI\UserAPI.csproj", "{BA60245B-2BAA-4B48-AEB6-1B6D5C292578}"
EndProject
Project("{2150E333-8FDC-42A3-9474-1A3956D46DE8}") = "Tests", "Tests", "{77F25A82-61E7-4258-BBA2-23E77E7A054B}"
EndProject
Project("{FAE04EC0-301F-11D3-BF4B-00C04F79EFBC}") = "BugTracker.Controllers.Tests", "..\Tests\BugTracker.Controllers.Tests\BugTracker.Controllers.Tests.csproj", "{85C5487F-1FB2-4344-B82C-EC9E9DD0CDDC}"
EndProject
Project("{FAE04EC0-301F-11D3-BF4B-00C04F79EFBC}") = "BugTracker.Services.Tests", "..\Tests\BugTracker.Services.Tests\BugTracker.Services.Tests.csproj", "{322A3FE4-9951-4A3B-9897-8473D6E31826}"
EndProject
Project("{FAE04EC0-301F-11D3-BF4B-00C04F79EFBC}") = "BugTracker.Models", "..\BugTracker.Models\BugTracker.Models.csproj", "{28492718-359D-4560-88F2-29F08E84D85B}"
EndProject
Project("{FAE04EC0-301F-11D3-BF4B-00C04F79EFBC}") = "BugTracker.Services", "..\BugTracker.Services\BugTracker.Services.csproj", "{031651BC-FFB6-43DD-949F-B2AD5CFBC355}"
EndProject
Project("{FAE04EC0-301F-11D3-BF4B-00C04F79EFBC}") = "BugTracker.Repositories", "..\BugTracker.Repositories\BugTracker.Repositories.csproj", "{99C9EA26-31C3-4CD4-A41D-874BB70A3B5F}"
EndProject
Project("{FAE04EC0-301F-11D3-BF4B-00C04F79EFBC}") = "BugTracker.Mappers", "..\BugTracker.Mappers\BugTracker.Mappers.csproj", "{F570930D-9CF3-4946-87DE-5CEDB9E6FB2A}"
EndProject
Project("{FAE04EC0-301F-11D3-BF4B-00C04F79EFBC}") = "UserAPI.Entities", "..\UserAPI.Entities\UserAPI.Entities.csproj", "{A9B85843-694D-4D10-B19B-2605DE251D50}"
EndProject
Project("{FAE04EC0-301F-11D3-BF4B-00C04F79EFBC}") = "UserAPI.Services", "..\UserAPI.Services\UserAPI.Services.csproj", "{AAE418F3-B803-4E34-B13F-01EA401E36F3}"
EndProject
Project("{FAE04EC0-301F-11D3-BF4B-00C04F79EFBC}") = "UserAPI.Repositories", "..\UserAPI.Repositories\UserAPI.Repositories.csproj", "{921FB9CD-B53F-4000-8B76-B3D3D143DD4C}"
EndProject
Global
	GlobalSection(SolutionConfigurationPlatforms) = preSolution
		Debug|Any CPU = Debug|Any CPU
		Release|Any CPU = Release|Any CPU
	EndGlobalSection
	GlobalSection(ProjectConfigurationPlatforms) = postSolution
		{1704AFE0-E7F6-4B1B-ACA5-2CB7DF1EF79A}.Debug|Any CPU.ActiveCfg = Debug|Any CPU
		{1704AFE0-E7F6-4B1B-ACA5-2CB7DF1EF79A}.Debug|Any CPU.Build.0 = Debug|Any CPU
		{1704AFE0-E7F6-4B1B-ACA5-2CB7DF1EF79A}.Release|Any CPU.ActiveCfg = Release|Any CPU
		{1704AFE0-E7F6-4B1B-ACA5-2CB7DF1EF79A}.Release|Any CPU.Build.0 = Release|Any CPU
		{C3947CDB-EE4A-473A-A006-45D85D146D87}.Debug|Any CPU.ActiveCfg = Debug|Any CPU
		{C3947CDB-EE4A-473A-A006-45D85D146D87}.Debug|Any CPU.Build.0 = Debug|Any CPU
		{C3947CDB-EE4A-473A-A006-45D85D146D87}.Release|Any CPU.ActiveCfg = Release|Any CPU
		{C3947CDB-EE4A-473A-A006-45D85D146D87}.Release|Any CPU.Build.0 = Release|Any CPU
		{BA60245B-2BAA-4B48-AEB6-1B6D5C292578}.Debug|Any CPU.ActiveCfg = Debug|Any CPU
		{BA60245B-2BAA-4B48-AEB6-1B6D5C292578}.Debug|Any CPU.Build.0 = Debug|Any CPU
		{BA60245B-2BAA-4B48-AEB6-1B6D5C292578}.Release|Any CPU.ActiveCfg = Release|Any CPU
		{BA60245B-2BAA-4B48-AEB6-1B6D5C292578}.Release|Any CPU.Build.0 = Release|Any CPU
		{57EF0898-0FCF-45EC-AB0C-4B5B1D634DDF}.Debug|Any CPU.ActiveCfg = Debug|Any CPU
		{57EF0898-0FCF-45EC-AB0C-4B5B1D634DDF}.Debug|Any CPU.Build.0 = Debug|Any CPU
		{57EF0898-0FCF-45EC-AB0C-4B5B1D634DDF}.Release|Any CPU.ActiveCfg = Release|Any CPU
		{57EF0898-0FCF-45EC-AB0C-4B5B1D634DDF}.Release|Any CPU.Build.0 = Release|Any CPU
		{0BC07F8D-ABF8-47B9-AD28-00EBBFE7AF0F}.Debug|Any CPU.ActiveCfg = Debug|Any CPU
		{0BC07F8D-ABF8-47B9-AD28-00EBBFE7AF0F}.Debug|Any CPU.Build.0 = Debug|Any CPU
		{0BC07F8D-ABF8-47B9-AD28-00EBBFE7AF0F}.Release|Any CPU.ActiveCfg = Release|Any CPU
		{0BC07F8D-ABF8-47B9-AD28-00EBBFE7AF0F}.Release|Any CPU.Build.0 = Release|Any CPU
		{85C5487F-1FB2-4344-B82C-EC9E9DD0CDDC}.Debug|Any CPU.ActiveCfg = Debug|Any CPU
		{85C5487F-1FB2-4344-B82C-EC9E9DD0CDDC}.Debug|Any CPU.Build.0 = Debug|Any CPU
		{85C5487F-1FB2-4344-B82C-EC9E9DD0CDDC}.Release|Any CPU.ActiveCfg = Release|Any CPU
		{85C5487F-1FB2-4344-B82C-EC9E9DD0CDDC}.Release|Any CPU.Build.0 = Release|Any CPU
		{322A3FE4-9951-4A3B-9897-8473D6E31826}.Debug|Any CPU.ActiveCfg = Debug|Any CPU
		{322A3FE4-9951-4A3B-9897-8473D6E31826}.Debug|Any CPU.Build.0 = Debug|Any CPU
		{322A3FE4-9951-4A3B-9897-8473D6E31826}.Release|Any CPU.ActiveCfg = Release|Any CPU
		{322A3FE4-9951-4A3B-9897-8473D6E31826}.Release|Any CPU.Build.0 = Release|Any CPU
		{28492718-359D-4560-88F2-29F08E84D85B}.Debug|Any CPU.ActiveCfg = Debug|Any CPU
		{28492718-359D-4560-88F2-29F08E84D85B}.Debug|Any CPU.Build.0 = Debug|Any CPU
		{28492718-359D-4560-88F2-29F08E84D85B}.Release|Any CPU.ActiveCfg = Release|Any CPU
		{28492718-359D-4560-88F2-29F08E84D85B}.Release|Any CPU.Build.0 = Release|Any CPU
		{031651BC-FFB6-43DD-949F-B2AD5CFBC355}.Debug|Any CPU.ActiveCfg = Debug|Any CPU
		{031651BC-FFB6-43DD-949F-B2AD5CFBC355}.Debug|Any CPU.Build.0 = Debug|Any CPU
		{031651BC-FFB6-43DD-949F-B2AD5CFBC355}.Release|Any CPU.ActiveCfg = Release|Any CPU
		{031651BC-FFB6-43DD-949F-B2AD5CFBC355}.Release|Any CPU.Build.0 = Release|Any CPU
		{99C9EA26-31C3-4CD4-A41D-874BB70A3B5F}.Debug|Any CPU.ActiveCfg = Debug|Any CPU
		{99C9EA26-31C3-4CD4-A41D-874BB70A3B5F}.Debug|Any CPU.Build.0 = Debug|Any CPU
		{99C9EA26-31C3-4CD4-A41D-874BB70A3B5F}.Release|Any CPU.ActiveCfg = Release|Any CPU
		{99C9EA26-31C3-4CD4-A41D-874BB70A3B5F}.Release|Any CPU.Build.0 = Release|Any CPU
		{F570930D-9CF3-4946-87DE-5CEDB9E6FB2A}.Debug|Any CPU.ActiveCfg = Debug|Any CPU
		{F570930D-9CF3-4946-87DE-5CEDB9E6FB2A}.Debug|Any CPU.Build.0 = Debug|Any CPU
		{F570930D-9CF3-4946-87DE-5CEDB9E6FB2A}.Release|Any CPU.ActiveCfg = Release|Any CPU
		{F570930D-9CF3-4946-87DE-5CEDB9E6FB2A}.Release|Any CPU.Build.0 = Release|Any CPU
		{A9B85843-694D-4D10-B19B-2605DE251D50}.Debug|Any CPU.ActiveCfg = Debug|Any CPU
		{A9B85843-694D-4D10-B19B-2605DE251D50}.Debug|Any CPU.Build.0 = Debug|Any CPU
		{A9B85843-694D-4D10-B19B-2605DE251D50}.Release|Any CPU.ActiveCfg = Release|Any CPU
		{A9B85843-694D-4D10-B19B-2605DE251D50}.Release|Any CPU.Build.0 = Release|Any CPU
		{AAE418F3-B803-4E34-B13F-01EA401E36F3}.Debug|Any CPU.ActiveCfg = Debug|Any CPU
		{AAE418F3-B803-4E34-B13F-01EA401E36F3}.Debug|Any CPU.Build.0 = Debug|Any CPU
		{AAE418F3-B803-4E34-B13F-01EA401E36F3}.Release|Any CPU.ActiveCfg = Release|Any CPU
		{AAE418F3-B803-4E34-B13F-01EA401E36F3}.Release|Any CPU.Build.0 = Release|Any CPU
		{921FB9CD-B53F-4000-8B76-B3D3D143DD4C}.Debug|Any CPU.ActiveCfg = Debug|Any CPU
		{921FB9CD-B53F-4000-8B76-B3D3D143DD4C}.Debug|Any CPU.Build.0 = Debug|Any CPU
		{921FB9CD-B53F-4000-8B76-B3D3D143DD4C}.Release|Any CPU.ActiveCfg = Release|Any CPU
		{921FB9CD-B53F-4000-8B76-B3D3D143DD4C}.Release|Any CPU.Build.0 = Release|Any CPU
	EndGlobalSection
	GlobalSection(SolutionProperties) = preSolution
		HideSolutionNode = FALSE
	EndGlobalSection
	GlobalSection(ExtensibilityGlobals) = postSolution
		SolutionGuid = {304F560E-A223-41EA-9FC0-2AFA946E707C}
	EndGlobalSection
	GlobalSection(NestedProjects) = preSolution
		{85C5487F-1FB2-4344-B82C-EC9E9DD0CDDC} = {77F25A82-61E7-4258-BBA2-23E77E7A054B}
		{322A3FE4-9951-4A3B-9897-8473D6E31826} = {77F25A82-61E7-4258-BBA2-23E77E7A054B}
	EndGlobalSection
EndGlobal
