
Microsoft Visual Studio Solution File, Format Version 12.00
# Visual Studio Version 16
VisualStudioVersion = 25.0.1704.3
MinimumVisualStudioVersion = 10.0.40219.1
Project("{FAE04EC0-301F-11D3-BF4B-00C04F79EFBC}") = "BugTracker.Services.Tests", "BugTracker.Services.Tests.csproj", "{AD8C96AC-282A-4685-BBE3-02B22A9E7F9D}"
EndProject
Global
	GlobalSection(SolutionConfigurationPlatforms) = preSolution
		Debug|Any CPU = Debug|Any CPU
		Release|Any CPU = Release|Any CPU
	EndGlobalSection
	GlobalSection(ProjectConfigurationPlatforms) = postSolution
		{AD8C96AC-282A-4685-BBE3-02B22A9E7F9D}.Debug|Any CPU.ActiveCfg = Debug|Any CPU
		{AD8C96AC-282A-4685-BBE3-02B22A9E7F9D}.Debug|Any CPU.Build.0 = Debug|Any CPU
		{AD8C96AC-282A-4685-BBE3-02B22A9E7F9D}.Release|Any CPU.ActiveCfg = Release|Any CPU
		{AD8C96AC-282A-4685-BBE3-02B22A9E7F9D}.Release|Any CPU.Build.0 = Release|Any CPU
	EndGlobalSection
	GlobalSection(SolutionProperties) = preSolution
		HideSolutionNode = FALSE
	EndGlobalSection
	GlobalSection(ExtensibilityGlobals) = postSolution
		SolutionGuid = {761A0979-D6A9-44DE-8988-3C0177D6CCEE}
	EndGlobalSection
EndGlobal
